{"gremlin": {"source": "registry", "registry": "https://cuts.dilang.tech", "version": "0.2.2", "sha256": "eec134bcbf3267f5e0ad30b483bba29d3d5b118a6c40e857fa4149f12b517202", "size": 44544}, "websocket": {"source": "registry", "registry": "https://cuts.dilang.tech", "version": "0.1.1", "sha256": "97e652de2089fbb097628726b08ac5c8d94d2c8b49e3d7dfcc29b96084b8ad38", "size": 32768}, "http": {"source": "registry", "registry": "https://cuts.dilang.tech", "version": "0.1.1", "sha256": "41efd497e811dd8981d9906af0ec5cb095205459e2e7ad03ae74dbc436edc4d1", "size": 43008}, "logger": {"source": "registry", "registry": "https://cuts.dilang.tech", "version": "0.4.1", "sha256": "66e89b3fa3319352e3cb1819b0feabc56a1d09fa3e1fb1ce790579dd2ddd2fea", "size": 16384}, }
